
Microsoft Visual Studio Solution File, Format Version 12.00
# Visual Studio Version 17
VisualStudioVersion = 17.3.32901.215
MinimumVisualStudioVersion = 10.0.40219.1
Project("{FAE04EC0-301F-11D3-BF4B-00C04F79EFBC}") = "RegistrationPageWEB", "RegistrationPageWEB\RegistrationPageWEB.csproj", "{3C5CCB5C-FC3A-46E9-A23F-CFD14E3324FF}"
EndProject
Global
	GlobalSection(SolutionConfigurationPlatforms) = preSolution
		Debug|Any CPU = Debug|Any CPU
		Release|Any CPU = Release|Any CPU
	EndGlobalSection
	GlobalSection(ProjectConfigurationPlatforms) = postSolution
		{3C5CCB5C-FC3A-46E9-A23F-CFD14E3324FF}.Debug|Any CPU.ActiveCfg = Debug|Any CPU
		{3C5CCB5C-FC3A-46E9-A23F-CFD14E3324FF}.Debug|Any CPU.Build.0 = Debug|Any CPU
		{3C5CCB5C-FC3A-46E9-A23F-CFD14E3324FF}.Release|Any CPU.ActiveCfg = Release|Any CPU
		{3C5CCB5C-FC3A-46E9-A23F-CFD14E3324FF}.Release|Any CPU.Build.0 = Release|Any CPU
	EndGlobalSection
	GlobalSection(SolutionProperties) = preSolution
		HideSolutionNode = FALSE
	EndGlobalSection
	GlobalSection(ExtensibilityGlobals) = postSolution
		SolutionGuid = {1088FC44-BDC9-405F-A923-05163367AA4B}
	EndGlobalSection
EndGlobal
